// !$*UTF8*$!
{
	archiveVersion = 1;
	classes = {
	};
	objectVersion = 50;
	objects = {

/* Begin PBXBuildFile section */
		22CD2B8821D99D25000D70CB /* AppDelegate.swift in Sources */ = {isa = PBXBuildFile; fileRef = 22CD2B8721D99D25000D70CB /* AppDelegate.swift */; };
		22CD2B8A21D99D25000D70CB /* ViewController.swift in Sources */ = {isa = PBXBuildFile; fileRef = 22CD2B8921D99D25000D70CB /* ViewController.swift */; };
		22CD2B8D21D99D25000D70CB /* Main.storyboard in Resources */ = {isa = PBXBuildFile; fileRef = 22CD2B8B21D99D25000D70CB /* Main.storyboard */; };
		22CD2B8F21D99D3A000D70CB /* Assets.xcassets in Resources */ = {isa = PBXBuildFile; fileRef = 22CD2B8E21D99D3A000D70CB /* Assets.xcassets */; };
		22CD2B9221D99D3A000D70CB /* LaunchScreen.storyboard in Resources */ = {isa = PBXBuildFile; fileRef = 22CD2B9021D99D3A000D70CB /* LaunchScreen.storyboard */; };
		22CD2B9A21D9A0A3000D70CB /* pizzaLogo.jpg in Resources */ = {isa = PBXBuildFile; fileRef = 22CD2B9921D9A0A3000D70CB /* pizzaLogo.jpg */; };
		22CD2B9C21D9A2A4000D70CB /* pizzaSize.png in Resources */ = {isa = PBXBuildFile; fileRef = 22CD2B9B21D9A2A4000D70CB /* pizzaSize.png */; };
		22CD2B9E21D9AFC3000D70CB /* Pizza.swift in Sources */ = {isa = PBXBuildFile; fileRef = 22CD2B9D21D9AFC3000D70CB /* Pizza.swift */; };
		22CD2BA021D9B6D4000D70CB /* pizzaMasa.png in Resources */ = {isa = PBXBuildFile; fileRef = 22CD2B9F21D9B6D4000D70CB /* pizzaMasa.png */; };
		22CD2BA221D9B8E6000D70CB /* MasaViewController.swift in Sources */ = {isa = PBXBuildFile; fileRef = 22CD2BA121D9B8E6000D70CB /* MasaViewController.swift */; };
		22CD2BA421D9C20C000D70CB /* QuesoViewController.swift in Sources */ = {isa = PBXBuildFile; fileRef = 22CD2BA321D9C20C000D70CB /* QuesoViewController.swift */; };
		22CD2BA621D9C241000D70CB /* IngredientesViewController.swift in Sources */ = {isa = PBXBuildFile; fileRef = 22CD2BA521D9C241000D70CB /* IngredientesViewController.swift */; };
		22CD2BA821D9C26C000D70CB /* ConfirmacionViewController.swift in Sources */ = {isa = PBXBuildFile; fileRef = 22CD2BA721D9C26C000D70CB /* ConfirmacionViewController.swift */; };
		22CD2BAA21D9C287000D70CB /* pizzaQueso.png in Resources */ = {isa = PBXBuildFile; fileRef = 22CD2BA921D9C287000D70CB /* pizzaQueso.png */; };
		22CD2BAC21D9C29A000D70CB /* pizzaIngredientes.png in Resources */ = {isa = PBXBuildFile; fileRef = 22CD2BAB21D9C29A000D70CB /* pizzaIngredientes.png */; };
		22CD2BAE21D9C2B1000D70CB /* OrdenRecibida.png in Resources */ = {isa = PBXBuildFile; fileRef = 22CD2BAD21D9C2B1000D70CB /* OrdenRecibida.png */; };
/* End PBXBuildFile section */

/* Begin PBXFileReference section */
		22CD2B8421D99D25000D70CB /* PizzaAppRev.app */ = {isa = PBXFileReference; explicitFileType = wrapper.application; includeInIndex = 0; path = PizzaAppRev.app; sourceTree = BUILT_PRODUCTS_DIR; };
		22CD2B8721D99D25000D70CB /* AppDelegate.swift */ = {isa = PBXFileReference; lastKnownFileType = sourcecode.swift; path = AppDelegate.swift; sourceTree = "<group>"; };
		22CD2B8921D99D25000D70CB /* ViewController.swift */ = {isa = PBXFileReference; lastKnownFileType = sourcecode.swift; path = ViewController.swift; sourceTree = "<group>"; };
		22CD2B8C21D99D25000D70CB /* Base */ = {isa = PBXFileReference; lastKnownFileType = file.storyboard; name = Base; path = Base.lproj/Main.storyboard; sourceTree = "<group>"; };
		22CD2B8E21D99D3A000D70CB /* Assets.xcassets */ = {isa = PBXFileReference; lastKnownFileType = folder.assetcatalog; path = Assets.xcassets; sourceTree = "<group>"; };
		22CD2B9121D99D3A000D70CB /* Base */ = {isa = PBXFileReference; lastKnownFileType = file.storyboard; name = Base; path = Base.lproj/LaunchScreen.storyboard; sourceTree = "<group>"; };
		22CD2B9321D99D3A000D70CB /* Info.plist */ = {isa = PBXFileReference; lastKnownFileType = text.plist.xml; path = Info.plist; sourceTree = "<group>"; };
		22CD2B9921D9A0A3000D70CB /* pizzaLogo.jpg */ = {isa = PBXFileReference; lastKnownFileType = image.jpeg; name = pizzaLogo.jpg; path = ../../../../../../Downloads/pizzaLogo.jpg; sourceTree = "<group>"; };
		22CD2B9B21D9A2A4000D70CB /* pizzaSize.png */ = {isa = PBXFileReference; lastKnownFileType = image.png; name = pizzaSize.png; path = ../../../../../../Downloads/pizzaSize.png; sourceTree = "<group>"; };
		22CD2B9D21D9AFC3000D70CB /* Pizza.swift */ = {isa = PBXFileReference; lastKnownFileType = sourcecode.swift; path = Pizza.swift; sourceTree = "<group>"; };
		22CD2B9F21D9B6D4000D70CB /* pizzaMasa.png */ = {isa = PBXFileReference; lastKnownFileType = image.png; name = pizzaMasa.png; path = ../../../../../../Downloads/pizzaMasa.png; sourceTree = "<group>"; };
		22CD2BA121D9B8E6000D70CB /* MasaViewController.swift */ = {isa = PBXFileReference; lastKnownFileType = sourcecode.swift; path = MasaViewController.swift; sourceTree = "<group>"; };
		22CD2BA321D9C20C000D70CB /* QuesoViewController.swift */ = {isa = PBXFileReference; lastKnownFileType = sourcecode.swift; path = QuesoViewController.swift; sourceTree = "<group>"; };
		22CD2BA521D9C241000D70CB /* IngredientesViewController.swift */ = {isa = PBXFileReference; lastKnownFileType = sourcecode.swift; path = IngredientesViewController.swift; sourceTree = "<group>"; };
		22CD2BA721D9C26C000D70CB /* ConfirmacionViewController.swift */ = {isa = PBXFileReference; lastKnownFileType = sourcecode.swift; path = ConfirmacionViewController.swift; sourceTree = "<group>"; };
		22CD2BA921D9C287000D70CB /* pizzaQueso.png */ = {isa = PBXFileReference; lastKnownFileType = image.png; name = pizzaQueso.png; path = ../../../../../../Downloads/pizzaQueso.png; sourceTree = "<group>"; };
		22CD2BAB21D9C29A000D70CB /* pizzaIngredientes.png */ = {isa = PBXFileReference; lastKnownFileType = image.png; name = pizzaIngredientes.png; path = ../../../../../../Downloads/pizzaIngredientes.png; sourceTree = "<group>"; };
		22CD2BAD21D9C2B1000D70CB /* OrdenRecibida.png */ = {isa = PBXFileReference; lastKnownFileType = image.png; name = OrdenRecibida.png; path = ../../../../../../Downloads/OrdenRecibida.png; sourceTree = "<group>"; };
/* End PBXFileReference section */

/* Begin PBXFrameworksBuildPhase section */
		22CD2B8121D99D25000D70CB /* Frameworks */ = {
			isa = PBXFrameworksBuildPhase;
			buildActionMask = 2147483647;
			files = (
			);
			runOnlyForDeploymentPostprocessing = 0;
		};
/* End PBXFrameworksBuildPhase section */

/* Begin PBXGroup section */
		22CD2B7B21D99D25000D70CB = {
			isa = PBXGroup;
			children = (
				22CD2B8621D99D25000D70CB /* PizzaAppRev */,
				22CD2B8521D99D25000D70CB /* Products */,
			);
			sourceTree = "<group>";
		};
		22CD2B8521D99D25000D70CB /* Products */ = {
			isa = PBXGroup;
			children = (
				22CD2B8421D99D25000D70CB /* PizzaAppRev.app */,
			);
			name = Products;
			sourceTree = "<group>";
		};
		22CD2B8621D99D25000D70CB /* PizzaAppRev */ = {
			isa = PBXGroup;
			children = (
				22CD2B9B21D9A2A4000D70CB /* pizzaSize.png */,
				22CD2B9921D9A0A3000D70CB /* pizzaLogo.jpg */,
				22CD2B9F21D9B6D4000D70CB /* pizzaMasa.png */,
				22CD2B8721D99D25000D70CB /* AppDelegate.swift */,
				22CD2BA921D9C287000D70CB /* pizzaQueso.png */,
				22CD2B8921D99D25000D70CB /* ViewController.swift */,
				22CD2BAD21D9C2B1000D70CB /* OrdenRecibida.png */,
				22CD2B8B21D99D25000D70CB /* Main.storyboard */,
				22CD2BAB21D9C29A000D70CB /* pizzaIngredientes.png */,
				22CD2B8E21D99D3A000D70CB /* Assets.xcassets */,
				22CD2B9021D99D3A000D70CB /* LaunchScreen.storyboard */,
				22CD2B9321D99D3A000D70CB /* Info.plist */,
				22CD2B9D21D9AFC3000D70CB /* Pizza.swift */,
				22CD2BA121D9B8E6000D70CB /* MasaViewController.swift */,
				22CD2BA321D9C20C000D70CB /* QuesoViewController.swift */,
				22CD2BA521D9C241000D70CB /* IngredientesViewController.swift */,
				22CD2BA721D9C26C000D70CB /* ConfirmacionViewController.swift */,
			);
			path = PizzaAppRev;
			sourceTree = "<group>";
		};
/* End PBXGroup section */

/* Begin PBXNativeTarget section */
		22CD2B8321D99D25000D70CB /* PizzaAppRev */ = {
			isa = PBXNativeTarget;
			buildConfigurationList = 22CD2B9621D99D3A000D70CB /* Build configuration list for PBXNativeTarget "PizzaAppRev" */;
			buildPhases = (
				22CD2B8021D99D25000D70CB /* Sources */,
				22CD2B8121D99D25000D70CB /* Frameworks */,
				22CD2B8221D99D25000D70CB /* Resources */,
			);
			buildRules = (
			);
			dependencies = (
			);
			name = PizzaAppRev;
			productName = PizzaAppRev;
			productReference = 22CD2B8421D99D25000D70CB /* PizzaAppRev.app */;
			productType = "com.apple.product-type.application";
		};
/* End PBXNativeTarget section */

/* Begin PBXProject section */
		22CD2B7C21D99D25000D70CB /* Project object */ = {
			isa = PBXProject;
			attributes = {
				LastSwiftUpdateCheck = 1010;
				LastUpgradeCheck = 1010;
				ORGANIZATIONNAME = "Vicente Ordoñez Garcia";
				TargetAttributes = {
					22CD2B8321D99D25000D70CB = {
						CreatedOnToolsVersion = 10.1;
					};
				};
			};
			buildConfigurationList = 22CD2B7F21D99D25000D70CB /* Build configuration list for PBXProject "PizzaAppRev" */;
			compatibilityVersion = "Xcode 9.3";
			developmentRegion = en;
			hasScannedForEncodings = 0;
			knownRegions = (
				en,
				Base,
			);
			mainGroup = 22CD2B7B21D99D25000D70CB;
			productRefGroup = 22CD2B8521D99D25000D70CB /* Products */;
			projectDirPath = "";
			projectRoot = "";
			targets = (
				22CD2B8321D99D25000D70CB /* PizzaAppRev */,
			);
		};
/* End PBXProject section */

/* Begin PBXResourcesBuildPhase section */
		22CD2B8221D99D25000D70CB /* Resources */ = {
			isa = PBXResourcesBuildPhase;
			buildActionMask = 2147483647;
			files = (
				22CD2BA021D9B6D4000D70CB /* pizzaMasa.png in Resources */,
				22CD2B9221D99D3A000D70CB /* LaunchScreen.storyboard in Resources */,
				22CD2B9C21D9A2A4000D70CB /* pizzaSize.png in Resources */,
				22CD2B8F21D99D3A000D70CB /* Assets.xcassets in Resources */,
				22CD2B8D21D99D25000D70CB /* Main.storyboard in Resources */,
				22CD2B9A21D9A0A3000D70CB /* pizzaLogo.jpg in Resources */,
				22CD2BAA21D9C287000D70CB /* pizzaQueso.png in Resources */,
				22CD2BAE21D9C2B1000D70CB /* OrdenRecibida.png in Resources */,
				22CD2BAC21D9C29A000D70CB /* pizzaIngredientes.png in Resources */,
			);
			runOnlyForDeploymentPostprocessing = 0;
		};
/* End PBXResourcesBuildPhase section */

/* Begin PBXSourcesBuildPhase section */
		22CD2B8021D99D25000D70CB /* Sources */ = {
			isa = PBXSourcesBuildPhase;
			buildActionMask = 2147483647;
			files = (
				22CD2BA621D9C241000D70CB /* IngredientesViewController.swift in Sources */,
				22CD2BA221D9B8E6000D70CB /* MasaViewController.swift in Sources */,
				22CD2BA821D9C26C000D70CB /* ConfirmacionViewController.swift in Sources */,
				22CD2B8A21D99D25000D70CB /* ViewController.swift in Sources */,
				22CD2B8821D99D25000D70CB /* AppDelegate.swift in Sources */,
				22CD2B9E21D9AFC3000D70CB /* Pizza.swift in Sources */,
				22CD2BA421D9C20C000D70CB /* QuesoViewController.swift in Sources */,
			);
			runOnlyForDeploymentPostprocessing = 0;
		};
/* End PBXSourcesBuildPhase section */

/* Begin PBXVariantGroup section */
		22CD2B8B21D99D25000D70CB /* Main.storyboard */ = {
			isa = PBXVariantGroup;
			children = (
				22CD2B8C21D99D25000D70CB /* Base */,
			);
			name = Main.storyboard;
			sourceTree = "<group>";
		};
		22CD2B9021D99D3A000D70CB /* LaunchScreen.storyboard */ = {
			isa = PBXVariantGroup;
			children = (
				22CD2B9121D99D3A000D70CB /* Base */,
			);
			name = LaunchScreen.storyboard;
			sourceTree = "<group>";
		};
/* End PBXVariantGroup section */

/* Begin XCBuildConfiguration section */
		22CD2B9421D99D3A000D70CB /* Debug */ = {
			isa = XCBuildConfiguration;
			buildSettings = {
				ALWAYS_SEARCH_USER_PATHS = NO;
				CLANG_ANALYZER_NONNULL = YES;
				CLANG_ANALYZER_NUMBER_OBJECT_CONVERSION = YES_AGGRESSIVE;
				CLANG_CXX_LANGUAGE_STANDARD = "gnu++14";
				CLANG_CXX_LIBRARY = "libc++";
				CLANG_ENABLE_MODULES = YES;
				CLANG_ENABLE_OBJC_ARC = YES;
				CLANG_ENABLE_OBJC_WEAK = YES;
				CLANG_WARN_BLOCK_CAPTURE_AUTORELEASING = YES;
				CLANG_WARN_BOOL_CONVERSION = YES;
				CLANG_WARN_COMMA = YES;
				CLANG_WARN_CONSTANT_CONVERSION = YES;
				CLANG_WARN_DEPRECATED_OBJC_IMPLEMENTATIONS = YES;
				CLANG_WARN_DIRECT_OBJC_ISA_USAGE = YES_ERROR;
				CLANG_WARN_DOCUMENTATION_COMMENTS = YES;
				CLANG_WARN_EMPTY_BODY = YES;
				CLANG_WARN_ENUM_CONVERSION = YES;
				CLANG_WARN_INFINITE_RECURSION = YES;
				CLANG_WARN_INT_CONVERSION = YES;
				CLANG_WARN_NON_LITERAL_NULL_CONVERSION = YES;
				CLANG_WARN_OBJC_IMPLICIT_RETAIN_SELF = YES;
				CLANG_WARN_OBJC_LITERAL_CONVERSION = YES;
				CLANG_WARN_OBJC_ROOT_CLASS = YES_ERROR;
				CLANG_WARN_RANGE_LOOP_ANALYSIS = YES;
				CLANG_WARN_STRICT_PROTOTYPES = YES;
				CLANG_WARN_SUSPICIOUS_MOVE = YES;
				CLANG_WARN_UNGUARDED_AVAILABILITY = YES_AGGRESSIVE;
				CLANG_WARN_UNREACHABLE_CODE = YES;
				CLANG_WARN__DUPLICATE_METHOD_MATCH = YES;
				CODE_SIGN_IDENTITY = "iPhone Developer";
				COPY_PHASE_STRIP = NO;
				DEBUG_INFORMATION_FORMAT = dwarf;
				ENABLE_STRICT_OBJC_MSGSEND = YES;
				ENABLE_TESTABILITY = YES;
				GCC_C_LANGUAGE_STANDARD = gnu11;
				GCC_DYNAMIC_NO_PIC = NO;
				GCC_NO_COMMON_BLOCKS = YES;
				GCC_OPTIMIZATION_LEVEL = 0;
				GCC_PREPROCESSOR_DEFINITIONS = (
					"DEBUG=1",
					"$(inherited)",
				);
				GCC_WARN_64_TO_32_BIT_CONVERSION = YES;
				GCC_WARN_ABOUT_RETURN_TYPE = YES_ERROR;
				GCC_WARN_UNDECLARED_SELECTOR = YES;
				GCC_WARN_UNINITIALIZED_AUTOS = YES_AGGRESSIVE;
				GCC_WARN_UNUSED_FUNCTION = YES;
				GCC_WARN_UNUSED_VARIABLE = YES;
				IPHONEOS_DEPLOYMENT_TARGET = 12.1;
				MTL_ENABLE_DEBUG_INFO = INCLUDE_SOURCE;
				MTL_FAST_MATH = YES;
				ONLY_ACTIVE_ARCH = YES;
				SDKROOT = iphoneos;
				SWIFT_ACTIVE_COMPILATION_CONDITIONS = DEBUG;
				SWIFT_OPTIMIZATION_LEVEL = "-Onone";
			};
			name = Debug;
		};
		22CD2B9521D99D3A000D70CB /* Release */ = {
			isa = XCBuildConfiguration;
			buildSettings = {
				ALWAYS_SEARCH_USER_PATHS = NO;
				CLANG_ANALYZER_NONNULL = YES;
				CLANG_ANALYZER_NUMBER_OBJECT_CONVERSION = YES_AGGRESSIVE;
				CLANG_CXX_LANGUAGE_STANDARD = "gnu++14";
				CLANG_CXX_LIBRARY = "libc++";
				CLANG_ENABLE_MODULES = YES;
				CLANG_ENABLE_OBJC_ARC = YES;
				CLANG_ENABLE_OBJC_WEAK = YES;
				CLANG_WARN_BLOCK_CAPTURE_AUTORELEASING = YES;
				CLANG_WARN_BOOL_CONVERSION = YES;
				CLANG_WARN_COMMA = YES;
				CLANG_WARN_CONSTANT_CONVERSION = YES;
				CLANG_WARN_DEPRECATED_OBJC_IMPLEMENTATIONS = YES;
				CLANG_WARN_DIRECT_OBJC_ISA_USAGE = YES_ERROR;
				CLANG_WARN_DOCUMENTATION_COMMENTS = YES;
				CLANG_WARN_EMPTY_BODY = YES;
				CLANG_WARN_ENUM_CONVERSION = YES;
				CLANG_WARN_INFINITE_RECURSION = YES;
				CLANG_WARN_INT_CONVERSION = YES;
				CLANG_WARN_NON_LITERAL_NULL_CONVERSION = YES;
				CLANG_WARN_OBJC_IMPLICIT_RETAIN_SELF = YES;
				CLANG_WARN_OBJC_LITERAL_CONVERSION = YES;
				CLANG_WARN_OBJC_ROOT_CLASS = YES_ERROR;
				CLANG_WARN_RANGE_LOOP_ANALYSIS = YES;
				CLANG_WARN_STRICT_PROTOTYPES = YES;
				CLANG_WARN_SUSPICIOUS_MOVE = YES;
				CLANG_WARN_UNGUARDED_AVAILABILITY = YES_AGGRESSIVE;
				CLANG_WARN_UNREACHABLE_CODE = YES;
				CLANG_WARN__DUPLICATE_METHOD_MATCH = YES;
				CODE_SIGN_IDENTITY = "iPhone Developer";
				COPY_PHASE_STRIP = NO;
				DEBUG_INFORMATION_FORMAT = "dwarf-with-dsym";
				ENABLE_NS_ASSERTIONS = NO;
				ENABLE_STRICT_OBJC_MSGSEND = YES;
				GCC_C_LANGUAGE_STANDARD = gnu11;
				GCC_NO_COMMON_BLOCKS = YES;
				GCC_WARN_64_TO_32_BIT_CONVERSION = YES;
				GCC_WARN_ABOUT_RETURN_TYPE = YES_ERROR;
				GCC_WARN_UNDECLARED_SELECTOR = YES;
				GCC_WARN_UNINITIALIZED_AUTOS = YES_AGGRESSIVE;
				GCC_WARN_UNUSED_FUNCTION = YES;
				GCC_WARN_UNUSED_VARIABLE = YES;
				IPHONEOS_DEPLOYMENT_TARGET = 12.1;
				MTL_ENABLE_DEBUG_INFO = NO;
				MTL_FAST_MATH = YES;
				SDKROOT = iphoneos;
				SWIFT_COMPILATION_MODE = wholemodule;
				SWIFT_OPTIMIZATION_LEVEL = "-O";
				VALIDATE_PRODUCT = YES;
			};
			name = Release;
		};
		22CD2B9721D99D3A000D70CB /* Debug */ = {
			isa = XCBuildConfiguration;
			buildSettings = {
				ASSETCATALOG_COMPILER_APPICON_NAME = AppIcon;
				CODE_SIGN_STYLE = Automatic;
				INFOPLIST_FILE = PizzaAppRev/Info.plist;
				LD_RUNPATH_SEARCH_PATHS = (
					"$(inherited)",
					"@executable_path/Frameworks",
				);
				PRODUCT_BUNDLE_IDENTIFIER = vog.PizzaAppRev;
				PRODUCT_NAME = "$(TARGET_NAME)";
				SWIFT_VERSION = 4.2;
				TARGETED_DEVICE_FAMILY = "1,2";
			};
			name = Debug;
		};
		22CD2B9821D99D3A000D70CB /* Release */ = {
			isa = XCBuildConfiguration;
			buildSettings = {
				ASSETCATALOG_COMPILER_APPICON_NAME = AppIcon;
				CODE_SIGN_STYLE = Automatic;
				INFOPLIST_FILE = PizzaAppRev/Info.plist;
				LD_RUNPATH_SEARCH_PATHS = (
					"$(inherited)",
					"@executable_path/Frameworks",
				);
				PRODUCT_BUNDLE_IDENTIFIER = vog.PizzaAppRev;
				PRODUCT_NAME = "$(TARGET_NAME)";
				SWIFT_VERSION = 4.2;
				TARGETED_DEVICE_FAMILY = "1,2";
			};
			name = Release;
		};
/* End XCBuildConfiguration section */

/* Begin XCConfigurationList section */
		22CD2B7F21D99D25000D70CB /* Build configuration list for PBXProject "PizzaAppRev" */ = {
			isa = XCConfigurationList;
			buildConfigurations = (
				22CD2B9421D99D3A000D70CB /* Debug */,
				22CD2B9521D99D3A000D70CB /* Release */,
			);
			defaultConfigurationIsVisible = 0;
			defaultConfigurationName = Release;
		};
		22CD2B9621D99D3A000D70CB /* Build configuration list for PBXNativeTarget "PizzaAppRev" */ = {
			isa = XCConfigurationList;
			buildConfigurations = (
				22CD2B9721D99D3A000D70CB /* Debug */,
				22CD2B9821D99D3A000D70CB /* Release */,
			);
			defaultConfigurationIsVisible = 0;
			defaultConfigurationName = Release;
		};
/* End XCConfigurationList section */
	};
	rootObject = 22CD2B7C21D99D25000D70CB /* Project object */;
}
